<?xml version="1.0" encoding="utf-8"?>
<Project ToolsVersion="4.0" xmlns="http://schemas.microsoft.com/developer/msbuild/2003">
  <ItemGroup>
    <Filter Include="Source Files">
      <UniqueIdentifier>{4FC737F1-C7A5-4376-A066-2A32D752A2FF}</UniqueIdentifier>
      <Extensions>cpp;c;cc;cxx;def;odl;idl;hpj;bat;asm;asmx</Extensions>
    </Filter>
    <Filter Include="Header Files">
      <UniqueIdentifier>{93995380-89BD-4b04-88EB-625FBE52EBFB}</UniqueIdentifier>
      <Extensions>h;hh;hpp;hxx;hm;inl;inc;ipp;xsd</Extensions>
    </Filter>
    <Filter Include="Resource Files">
      <UniqueIdentifier>{67DA6AB6-F800-4c08-8B7A-83BB121AAD01}</UniqueIdentifier>
      <Extensions>rc;ico;cur;bmp;dlg;rc2;rct;bin;rgs;gif;jpg;jpeg;jpe;resx;tiff;tif;png;wav;mfcribbon-ms</Extensions>
    </Filter>
    <Filter Include="Tests">
      <UniqueIdentifier>{e70281e4-15c3-45bc-9b36-29d41c27a2cc}</UniqueIdentifier>
    </Filter>
  </ItemGroup>
  <ItemGroup>
    <ClInclude Include="Component.h">
      <Filter>Header Files</Filter>
    </ClInclude>
    <ClInclude Include="TestCase.h">
      <Filter>Header Files</Filter>
    </ClInclude>
  </ItemGroup>
  <ItemGroup>
    <ClCompile Include="CodeGen_Test.cpp">
      <Filter>Source Files</Filter>
    </ClCompile>
    <ClCompile Include="TestCase.cpp">
      <Filter>Source Files</Filter>
    </ClCompile>
    <ClCompile Include="Filter.cpp">
      <Filter>Source Files</Filter>
    </ClCompile>
    <ClCompile Include="Tests\Filter_01.c">
      <Filter>Tests</Filter>
    </ClCompile>
    <ClCompile Include="Tests\Filter_02.c">
      <Filter>Tests</Filter>
    </ClCompile>
    <ClCompile Include="Tests\Filter_03.c">
      <Filter>Tests</Filter>
    </ClCompile>
    <ClCompile Include="Tests\Filter_04.c">
      <Filter>Tests</Filter>
    </ClCompile>
    <ClCompile Include="Tests\Filter_05.c">
      <Filter>Tests</Filter>
    </ClCompile>
    <ClCompile Include="Tests\Filter_06.c">
      <Filter>Tests</Filter>
    </ClCompile>
    <ClCompile Include="Tests\Filter_07.c">
      <Filter>Tests</Filter>
    </ClCompile>
    <ClCompile Include="Tests\Filter_08.c">
      <Filter>Tests</Filter>
    </ClCompile>
    <ClCompile Include="Tests\Filter_09.c">
      <Filter>Tests</Filter>
    </ClCompile>
    <ClCompile Include="Tests\Filter_10.c">
      <Filter>Tests</Filter>
    </ClCompile>
    <ClCompile Include="Tests\Filter_11.c">
      <Filter>Tests</Filter>
    </ClCompile>
    <ClCompile Include="Tests\Filter_12.c">
      <Filter>Tests</Filter>
    </ClCompile>
    <ClCompile Include="Tests\Filter_13.c">
      <Filter>Tests</Filter>
    </ClCompile>
    <ClCompile Include="Tests\Filter_14.c">
      <Filter>Tests</Filter>
    </ClCompile>
    <ClCompile Include="Tests\Filter_15.c">
      <Filter>Tests</Filter>
    </ClCompile>
    <ClCompile Include="Tests\Filter_16.c">
      <Filter>Tests</Filter>
    </ClCompile>
    <ClCompile Include="Tests\Filter_17.c">
      <Filter>Tests</Filter>
    </ClCompile>
    <ClCompile Include="Tests\Filter_18.c">
      <Filter>Tests</Filter>
    </ClCompile>
    <ClCompile Include="Tests\Filter_19.c">
      <Filter>Tests</Filter>
    </ClCompile>
    <ClCompile Include="Tests\Filter_20.c">
      <Filter>Tests</Filter>
    </ClCompile>
    <ClCompile Include="Tests\Filter_21.c">
      <Filter>Tests</Filter>
    </ClCompile>
    <ClCompile Include="Tests\Filter_22.c">
      <Filter>Tests</Filter>
    </ClCompile>
    <ClCompile Include="Tests\Filter_23.c">
      <Filter>Tests</Filter>
    </ClCompile>
    <ClCompile Include="Tests\Filter_24.c">
      <Filter>Tests</Filter>
    </ClCompile>
    <ClCompile Include="Tests\Filter_25.c">
      <Filter>Tests</Filter>
    </ClCompile>
    <ClCompile Include="Tests\Filter_26.c">
      <Filter>Tests</Filter>
    </ClCompile>
    <ClCompile Include="Tests\Filter_27.c">
      <Filter>Tests</Filter>
    </ClCompile>
    <ClCompile Include="Tests\Filter_28.c">
      <Filter>Tests</Filter>
    </ClCompile>
    <ClCompile Include="Tests\Filter_29.c">
      <Filter>Tests</Filter>
    </ClCompile>
    <ClCompile Include="Tests\Filter_30.c">
      <Filter>Tests</Filter>
    </ClCompile>
    <ClCompile Include="Tests\Filter_31.c">
      <Filter>Tests</Filter>
    </ClCompile>
    <ClCompile Include="Tests\Filter_00.c">
      <Filter>Tests</Filter>
    </ClCompile>
    <ClCompile Include="Tests\Filter_32.c">
      <Filter>Tests</Filter>
    </ClCompile>
    <ClCompile Include="Tests\Filter_33.c">
      <Filter>Tests</Filter>
    </ClCompile>
    <ClCompile Include="Tests\Filter_34.c">
      <Filter>Tests</Filter>
    </ClCompile>
    <ClCompile Include="Tests\Filter_35.c">
      <Filter>Tests</Filter>
    </ClCompile>
    <ClCompile Include="Tests\Filter_36.c">
      <Filter>Tests</Filter>
    </ClCompile>
    <ClCompile Include="Tests\Filter_37.c">
      <Filter>Tests</Filter>
    </ClCompile>
    <ClCompile Include="Tests\Filter_38.c">
      <Filter>Tests</Filter>
    </ClCompile>
    <ClCompile Include="Tests\Filter_39.c">
      <Filter>Tests</Filter>
    </ClCompile>
    <ClCompile Include="Tests\Filter_40.c">
      <Filter>Tests</Filter>
    </ClCompile>
    <ClCompile Include="Tests\Filter_41.c">
      <Filter>Tests</Filter>
    </ClCompile>
    <ClCompile Include="Tests\Filter_42.c">
      <Filter>Tests</Filter>
    </ClCompile>
    <ClCompile Include="Tests\Filter_43.c">
      <Filter>Tests</Filter>
    </ClCompile>
    <ClCompile Include="Tests\Filter_44.c">
      <Filter>Tests</Filter>
    </ClCompile>
    <ClCompile Include="Tests\Filter_45.c">
      <Filter>Tests</Filter>
    </ClCompile>
    <ClCompile Include="Tests\Filter_46.c">
      <Filter>Tests</Filter>
    </ClCompile>
    <ClCompile Include="Tests\Filter_47.c">
      <Filter>Tests</Filter>
    </ClCompile>
    <ClCompile Include="Tests\Filter_48.c">
      <Filter>Tests</Filter>
    </ClCompile>
    <ClCompile Include="Tests\Filter_49.c">
      <Filter>Tests</Filter>
    </ClCompile>
    <ClCompile Include="Tests\Filter_50.c">
      <Filter>Tests</Filter>
    </ClCompile>
    <ClCompile Include="Tests\Filter_51.c">
      <Filter>Tests</Filter>
    </ClCompile>
    <ClCompile Include="Tests\Filter_52.c">
      <Filter>Tests</Filter>
    </ClCompile>
    <ClCompile Include="Tests\Filter_53.c">
      <Filter>Tests</Filter>
    </ClCompile>
    <ClCompile Include="Tests\Filter_54.c">
      <Filter>Tests</Filter>
    </ClCompile>
    <ClCompile Include="Tests\Filter_55.c">
      <Filter>Tests</Filter>
    </ClCompile>
    <ClCompile Include="Tests\Filter_56.c">
      <Filter>Tests</Filter>
    </ClCompile>
    <ClCompile Include="Tests\Filter_57.c">
      <Filter>Tests</Filter>
    </ClCompile>
    <ClCompile Include="Tests\Filter_58.c">
      <Filter>Tests</Filter>
    </ClCompile>
    <ClCompile Include="Tests\Filter_59.c">
      <Filter>Tests</Filter>
    </ClCompile>
    <ClCompile Include="Tests\Filter_60.c">
      <Filter>Tests</Filter>
    </ClCompile>
    <ClCompile Include="Tests\Filter_61.c">
      <Filter>Tests</Filter>
    </ClCompile>
    <ClCompile Include="Tests\Filter_62.c">
      <Filter>Tests</Filter>
    </ClCompile>
    <ClCompile Include="Tests\Filter_63.c">
      <Filter>Tests</Filter>
    </ClCompile>
    <ClCompile Include="Tests\Filter_64.c">
      <Filter>Tests</Filter>
    </ClCompile>
    <ClCompile Include="Tests\Filter_65.c">
      <Filter>Tests</Filter>
    </ClCompile>
    <ClCompile Include="Tests\Filter_66.c">
      <Filter>Tests</Filter>
    </ClCompile>
    <ClCompile Include="Tests\Filter_67.c">
      <Filter>Tests</Filter>
    </ClCompile>
    <ClCompile Include="Tests\Filter_68.c">
      <Filter>Tests</Filter>
    </ClCompile>
    <ClCompile Include="Tests\Filter_69.c">
      <Filter>Tests</Filter>
    </ClCompile>
    <ClCompile Include="Tests\Filter_70.c">
      <Filter>Tests</Filter>
    </ClCompile>
    <ClCompile Include="Tests\Filter_71.c">
      <Filter>Tests</Filter>
    </ClCompile>
    <ClCompile Include="Tests\Filter_72.c">
      <Filter>Tests</Filter>
    </ClCompile>
    <ClCompile Include="Tests\Filter_73.c">
      <Filter>Tests</Filter>
    </ClCompile>
    <ClCompile Include="Tests\Filter_74.c">
      <Filter>Tests</Filter>
    </ClCompile>
    <ClCompile Include="Tests\Filter_75.c">
      <Filter>Tests</Filter>
    </ClCompile>
    <ClCompile Include="Tests\Filter_76.c">
      <Filter>Tests</Filter>
    </ClCompile>
    <ClCompile Include="Tests\Filter_77.c">
      <Filter>Tests</Filter>
    </ClCompile>
    <ClCompile Include="Tests\Filter_78.c">
      <Filter>Tests</Filter>
    </ClCompile>
    <ClCompile Include="Tests\Filter_79.c">
      <Filter>Tests</Filter>
    </ClCompile>
    <ClCompile Include="Tests\Filter_80.c">
      <Filter>Tests</Filter>
    </ClCompile>
    <ClCompile Include="Tests\Filter_81.c">
      <Filter>Tests</Filter>
    </ClCompile>
    <ClCompile Include="Tests\Filter_82.c">
      <Filter>Tests</Filter>
    </ClCompile>
    <ClCompile Include="Tests\Filter_83.c">
      <Filter>Tests</Filter>
    </ClCompile>
    <ClCompile Include="Tests\Filter_84.c">
      <Filter>Tests</Filter>
    </ClCompile>
    <ClCompile Include="Tests\Filter_85.c">
      <Filter>Tests</Filter>
    </ClCompile>
    <ClCompile Include="Tests\Filter_86.c">
      <Filter>Tests</Filter>
    </ClCompile>
    <ClCompile Include="Tests\Filter_87.c">
      <Filter>Tests</Filter>
    </ClCompile>
    <ClCompile Include="Tests\Filter_88.c">
      <Filter>Tests</Filter>
    </ClCompile>
    <ClCompile Include="Tests\Filter_89.c">
      <Filter>Tests</Filter>
    </ClCompile>
    <ClCompile Include="Tests\Filter_90.c">
      <Filter>Tests</Filter>
    </ClCompile>
    <ClCompile Include="Tests\Filter_91.c">
      <Filter>Tests</Filter>
    </ClCompile>
    <ClCompile Include="Tests\Filter_92.c">
      <Filter>Tests</Filter>
    </ClCompile>
    <ClCompile Include="Tests\Filter_93.c">
      <Filter>Tests</Filter>
    </ClCompile>
    <ClCompile Include="Tests\Filter_94.c">
      <Filter>Tests</Filter>
    </ClCompile>
    <ClCompile Include="Tests\Filter_95.c">
      <Filter>Tests</Filter>
    </ClCompile>
  </ItemGroup>
</Project>